
Microsoft Visual Studio Solution File, Format Version 12.00
# Visual Studio Version 17
VisualStudioVersion = 17.13.35913.81
MinimumVisualStudioVersion = 10.0.40219.1
Project("{FAE04EC0-301F-11D3-BF4B-00C04F79EFBC}") = "CasualDev.ColorLib", "CasualDev.ColorLib\CasualDev.ColorLib.csproj", "{7A4F7DD0-07AF-4054-A4D1-472E1055488B}"
EndProject
Project("{FAE04EC0-301F-11D3-BF4B-00C04F79EFBC}") = "CasualDev.ColorLib.Tests", "CasualDev.ColorLib.Tests\CasualDev.ColorLib.Tests.csproj", "{0CA886D1-0E39-4268-8996-261D57AA2165}"
EndProject
Global
	GlobalSection(SolutionConfigurationPlatforms) = preSolution
		Debug|Any CPU = Debug|Any CPU
		Release|Any CPU = Release|Any CPU
	EndGlobalSection
	GlobalSection(ProjectConfigurationPlatforms) = postSolution
		{7A4F7DD0-07AF-4054-A4D1-472E1055488B}.Debug|Any CPU.ActiveCfg = Debug|Any CPU
		{7A4F7DD0-07AF-4054-A4D1-472E1055488B}.Debug|Any CPU.Build.0 = Debug|Any CPU
		{7A4F7DD0-07AF-4054-A4D1-472E1055488B}.Release|Any CPU.ActiveCfg = Release|Any CPU
		{7A4F7DD0-07AF-4054-A4D1-472E1055488B}.Release|Any CPU.Build.0 = Release|Any CPU
		{0CA886D1-0E39-4268-8996-261D57AA2165}.Debug|Any CPU.ActiveCfg = Debug|Any CPU
		{0CA886D1-0E39-4268-8996-261D57AA2165}.Debug|Any CPU.Build.0 = Debug|Any CPU
		{0CA886D1-0E39-4268-8996-261D57AA2165}.Release|Any CPU.ActiveCfg = Release|Any CPU
		{0CA886D1-0E39-4268-8996-261D57AA2165}.Release|Any CPU.Build.0 = Release|Any CPU
	EndGlobalSection
	GlobalSection(SolutionProperties) = preSolution
		HideSolutionNode = FALSE
	EndGlobalSection
	GlobalSection(ExtensibilityGlobals) = postSolution
		SolutionGuid = {94EDA3C8-7D38-47B4-B142-ACD3D5EDB2F5}
	EndGlobalSection
EndGlobal
